
Microsoft Visual Studio Solution File, Format Version 12.00
# Visual Studio Version 17
VisualStudioVersion = 17.5.33530.505
MinimumVisualStudioVersion = 10.0.40219.1
Project("{9A19103F-16F7-4668-BE54-9A1E7A4F7556}") = "ContentExtractor", "ContentExtractor\ContentExtractor.csproj", "{0EF01A6C-D788-454B-96DB-BFA1495FF0C3}"
EndProject
Project("{9A19103F-16F7-4668-BE54-9A1E7A4F7556}") = "Extractor", "Extractor\Extractor.csproj", "{B6B62BB7-0237-4970-94DF-A07D5C42A9C4}"
EndProject
Project("{FAE04EC0-301F-11D3-BF4B-00C04F79EFBC}") = "ContentExtractorTests", "ContentExtractorTests\ContentExtractorTests.csproj", "{4454370D-EB70-4905-84B2-B3B5FC561484}"
EndProject
Global
	GlobalSection(SolutionConfigurationPlatforms) = preSolution
		Debug|Any CPU = Debug|Any CPU
		Release|Any CPU = Release|Any CPU
	EndGlobalSection
	GlobalSection(ProjectConfigurationPlatforms) = postSolution
		{0EF01A6C-D788-454B-96DB-BFA1495FF0C3}.Debug|Any CPU.ActiveCfg = Debug|Any CPU
		{0EF01A6C-D788-454B-96DB-BFA1495FF0C3}.Debug|Any CPU.Build.0 = Debug|Any CPU
		{0EF01A6C-D788-454B-96DB-BFA1495FF0C3}.Release|Any CPU.ActiveCfg = Release|Any CPU
		{0EF01A6C-D788-454B-96DB-BFA1495FF0C3}.Release|Any CPU.Build.0 = Release|Any CPU
		{B6B62BB7-0237-4970-94DF-A07D5C42A9C4}.Debug|Any CPU.ActiveCfg = Debug|Any CPU
		{B6B62BB7-0237-4970-94DF-A07D5C42A9C4}.Debug|Any CPU.Build.0 = Debug|Any CPU
		{B6B62BB7-0237-4970-94DF-A07D5C42A9C4}.Release|Any CPU.ActiveCfg = Release|Any CPU
		{B6B62BB7-0237-4970-94DF-A07D5C42A9C4}.Release|Any CPU.Build.0 = Release|Any CPU
		{4454370D-EB70-4905-84B2-B3B5FC561484}.Debug|Any CPU.ActiveCfg = Debug|Any CPU
		{4454370D-EB70-4905-84B2-B3B5FC561484}.Debug|Any CPU.Build.0 = Debug|Any CPU
		{4454370D-EB70-4905-84B2-B3B5FC561484}.Release|Any CPU.ActiveCfg = Release|Any CPU
		{4454370D-EB70-4905-84B2-B3B5FC561484}.Release|Any CPU.Build.0 = Release|Any CPU
	EndGlobalSection
	GlobalSection(SolutionProperties) = preSolution
		HideSolutionNode = FALSE
	EndGlobalSection
	GlobalSection(ExtensibilityGlobals) = postSolution
		SolutionGuid = {0AA186A4-345F-4DD1-80BE-9C4BC6B07ECC}
	EndGlobalSection
EndGlobal
